PODS:
  - CWFlexiblePageControl (0.1.2)

DEPENDENCIES:
  - CWFlexiblePageControl (from `../`)

EXTERNAL SOURCES:
  CWFlexiblePageControl:
    :path: "../"

SPEC CHECKSUMS:
  CWFlexiblePageControl: fe8af728577fd3dfe41c0ad3fda6d769f74df7b5

PODFILE CHECKSUM: 98907c6b453ab050bf8a6adfbb9dede64b995481

COCOAPODS: 1.8.0.beta.2
