PODS:
  - CWFlexiblePageControl (0.1.0)

DEPENDENCIES:
  - CWFlexiblePageControl (from `../`)

EXTERNAL SOURCES:
  CWFlexiblePageControl:
    :path: "../"

SPEC CHECKSUMS:
  CWFlexiblePageControl: 0bb175967e3cdcc93236426b5a841a6077eec5ef

PODFILE CHECKSUM: 98907c6b453ab050bf8a6adfbb9dede64b995481

COCOAPODS: 1.7.5
